// !$*UTF8*$!
{
	archiveVersion = 1;
	classes = {
	};
	objectVersion = 50;
	objects = {

/* Begin PBXBuildFile section */
		EDCBE37226870B2300F3FBD7 /* AppDelegate.swift in Sources */ = {isa = PBXBuildFile; fileRef = EDCBE37126870B2300F3FBD7 /* AppDelegate.swift */; };
		EDCBE37426870B2300F3FBD7 /* SceneDelegate.swift in Sources */ = {isa = PBXBuildFile; fileRef = EDCBE37326870B2300F3FBD7 /* SceneDelegate.swift */; };
		EDCBE37626870B2300F3FBD7 /* ViewController.swift in Sources */ = {isa = PBXBuildFile; fileRef = EDCBE37526870B2300F3FBD7 /* ViewController.swift */; };
		EDCBE37926870B2300F3FBD7 /* Main.storyboard in Resources */ = {isa = PBXBuildFile; fileRef = EDCBE37726870B2300F3FBD7 /* Main.storyboard */; };
		EDCBE37B26870B2400F3FBD7 /* Assets.xcassets in Resources */ = {isa = PBXBuildFile; fileRef = EDCBE37A26870B2400F3FBD7 /* Assets.xcassets */; };
		EDCBE37E26870B2400F3FBD7 /* LaunchScreen.storyboard in Resources */ = {isa = PBXBuildFile; fileRef = EDCBE37C26870B2400F3FBD7 /* LaunchScreen.storyboard */; };
/* End PBXBuildFile section */

/* Begin PBXFileReference section */
		EDCBE36E26870B2300F3FBD7 /* TabBarOriginalIcon.app */ = {isa = PBXFileReference; explicitFileType = wrapper.application; includeInIndex = 0; path = TabBarOriginalIcon.app; sourceTree = BUILT_PRODUCTS_DIR; };
		EDCBE37126870B2300F3FBD7 /* AppDelegate.swift */ = {isa = PBXFileReference; lastKnownFileType = sourcecode.swift; path = AppDelegate.swift; sourceTree = "<group>"; };
		EDCBE37326870B2300F3FBD7 /* SceneDelegate.swift */ = {isa = PBXFileReference; lastKnownFileType = sourcecode.swift; path = SceneDelegate.swift; sourceTree = "<group>"; };
		EDCBE37526870B2300F3FBD7 /* ViewController.swift */ = {isa = PBXFileReference; lastKnownFileType = sourcecode.swift; path = ViewController.swift; sourceTree = "<group>"; };
		EDCBE37826870B2300F3FBD7 /* Base */ = {isa = PBXFileReference; lastKnownFileType = file.storyboard; name = Base; path = Base.lproj/Main.storyboard; sourceTree = "<group>"; };
		EDCBE37A26870B2400F3FBD7 /* Assets.xcassets */ = {isa = PBXFileReference; lastKnownFileType = folder.assetcatalog; path = Assets.xcassets; sourceTree = "<group>"; };
		EDCBE37D26870B2400F3FBD7 /* Base */ = {isa = PBXFileReference; lastKnownFileType = file.storyboard; name = Base; path = Base.lproj/LaunchScreen.storyboard; sourceTree = "<group>"; };
		EDCBE37F26870B2400F3FBD7 /* Info.plist */ = {isa = PBXFileReference; lastKnownFileType = text.plist.xml; path = Info.plist; sourceTree = "<group>"; };
		EDCBE3852687101100F3FBD7 /* TabBarOriginalIcon.entitlements */ = {isa = PBXFileReference; lastKnownFileType = text.plist.entitlements; path = TabBarOriginalIcon.entitlements; sourceTree = "<group>"; };
/* End PBXFileReference section */

/* Begin PBXFrameworksBuildPhase section */
		EDCBE36B26870B2300F3FBD7 /* Frameworks */ = {
			isa = PBXFrameworksBuildPhase;
			buildActionMask = 2147483647;
			files = (
			);
			runOnlyForDeploymentPostprocessing = 0;
		};
/* End PBXFrameworksBuildPhase section */

/* Begin PBXGroup section */
		EDCBE36526870B2300F3FBD7 = {
			isa = PBXGroup;
			children = (
				EDCBE37026870B2300F3FBD7 /* TabBarOriginalIcon */,
				EDCBE36F26870B2300F3FBD7 /* Products */,
			);
			sourceTree = "<group>";
		};
		EDCBE36F26870B2300F3FBD7 /* Products */ = {
			isa = PBXGroup;
			children = (
				EDCBE36E26870B2300F3FBD7 /* TabBarOriginalIcon.app */,
			);
			name = Products;
			sourceTree = "<group>";
		};
		EDCBE37026870B2300F3FBD7 /* TabBarOriginalIcon */ = {
			isa = PBXGroup;
			children = (
				EDCBE3852687101100F3FBD7 /* TabBarOriginalIcon.entitlements */,
				EDCBE37126870B2300F3FBD7 /* AppDelegate.swift */,
				EDCBE37326870B2300F3FBD7 /* SceneDelegate.swift */,
				EDCBE37526870B2300F3FBD7 /* ViewController.swift */,
				EDCBE37726870B2300F3FBD7 /* Main.storyboard */,
				EDCBE37A26870B2400F3FBD7 /* Assets.xcassets */,
				EDCBE37C26870B2400F3FBD7 /* LaunchScreen.storyboard */,
				EDCBE37F26870B2400F3FBD7 /* Info.plist */,
			);
			path = TabBarOriginalIcon;
			sourceTree = "<group>";
		};
/* End PBXGroup section */

/* Begin PBXNativeTarget section */
		EDCBE36D26870B2300F3FBD7 /* TabBarOriginalIcon */ = {
			isa = PBXNativeTarget;
			buildConfigurationList = EDCBE38226870B2400F3FBD7 /* Build configuration list for PBXNativeTarget "TabBarOriginalIcon" */;
			buildPhases = (
				EDCBE36A26870B2300F3FBD7 /* Sources */,
				EDCBE36B26870B2300F3FBD7 /* Frameworks */,
				EDCBE36C26870B2300F3FBD7 /* Resources */,
			);
			buildRules = (
			);
			dependencies = (
			);
			name = TabBarOriginalIcon;
			productName = TabBarOriginalIcon;
			productReference = EDCBE36E26870B2300F3FBD7 /* TabBarOriginalIcon.app */;
			productType = "com.apple.product-type.application";
		};
/* End PBXNativeTarget section */

/* Begin PBXProject section */
		EDCBE36626870B2300F3FBD7 /* Project object */ = {
			isa = PBXProject;
			attributes = {
				LastSwiftUpdateCheck = 1250;
				LastUpgradeCheck = 1250;
				TargetAttributes = {
					EDCBE36D26870B2300F3FBD7 = {
						CreatedOnToolsVersion = 12.5;
					};
				};
			};
			buildConfigurationList = EDCBE36926870B2300F3FBD7 /* Build configuration list for PBXProject "TabBarOriginalIcon" */;
			compatibilityVersion = "Xcode 9.3";
			developmentRegion = en;
			hasScannedForEncodings = 0;
			knownRegions = (
				en,
				Base,
			);
			mainGroup = EDCBE36526870B2300F3FBD7;
			productRefGroup = EDCBE36F26870B2300F3FBD7 /* Products */;
			projectDirPath = "";
			projectRoot = "";
			targets = (
				EDCBE36D26870B2300F3FBD7 /* TabBarOriginalIcon */,
			);
		};
/* End PBXProject section */

/* Begin PBXResourcesBuildPhase section */
		EDCBE36C26870B2300F3FBD7 /* Resources */ = {
			isa = PBXResourcesBuildPhase;
			buildActionMask = 2147483647;
			files = (
				EDCBE37E26870B2400F3FBD7 /* LaunchScreen.storyboard in Resources */,
				EDCBE37B26870B2400F3FBD7 /* Assets.xcassets in Resources */,
				EDCBE37926870B2300F3FBD7 /* Main.storyboard in Resources */,
			);
			runOnlyForDeploymentPostprocessing = 0;
		};
/* End PBXResourcesBuildPhase section */

/* Begin PBXSourcesBuildPhase section */
		EDCBE36A26870B2300F3FBD7 /* Sources */ = {
			isa = PBXSourcesBuildPhase;
			buildActionMask = 2147483647;
			files = (
				EDCBE37626870B2300F3FBD7 /* ViewController.swift in Sources */,
				EDCBE37226870B2300F3FBD7 /* AppDelegate.swift in Sources */,
				EDCBE37426870B2300F3FBD7 /* SceneDelegate.swift in Sources */,
			);
			runOnlyForDeploymentPostprocessing = 0;
		};
/* End PBXSourcesBuildPhase section */

/* Begin PBXVariantGroup section */
		EDCBE37726870B2300F3FBD7 /* Main.storyboard */ = {
			isa = PBXVariantGroup;
			children = (
				EDCBE37826870B2300F3FBD7 /* Base */,
			);
			name = Main.storyboard;
			sourceTree = "<group>";
		};
		EDCBE37C26870B2400F3FBD7 /* LaunchScreen.storyboard */ = {
			isa = PBXVariantGroup;
			children = (
				EDCBE37D26870B2400F3FBD7 /* Base */,
			);
			name = LaunchScreen.storyboard;
			sourceTree = "<group>";
		};
/* End PBXVariantGroup section */

/* Begin XCBuildConfiguration section */
		EDCBE38026870B2400F3FBD7 /* Debug */ = {
			isa = XCBuildConfiguration;
			buildSettings = {
				ALWAYS_SEARCH_USER_PATHS = NO;
				CLANG_ANALYZER_NONNULL = YES;
				CLANG_ANALYZER_NUMBER_OBJECT_CONVERSION = YES_AGGRESSIVE;
				CLANG_CXX_LANGUAGE_STANDARD = "gnu++14";
				CLANG_CXX_LIBRARY = "libc++";
				CLANG_ENABLE_MODULES = YES;
				CLANG_ENABLE_OBJC_ARC = YES;
				CLANG_ENABLE_OBJC_WEAK = YES;
				CLANG_WARN_BLOCK_CAPTURE_AUTORELEASING = YES;
				CLANG_WARN_BOOL_CONVERSION = YES;
				CLANG_WARN_COMMA = YES;
				CLANG_WARN_CONSTANT_CONVERSION = YES;
				CLANG_WARN_DEPRECATED_OBJC_IMPLEMENTATIONS = YES;
				CLANG_WARN_DIRECT_OBJC_ISA_USAGE = YES_ERROR;
				CLANG_WARN_DOCUMENTATION_COMMENTS = YES;
				CLANG_WARN_EMPTY_BODY = YES;
				CLANG_WARN_ENUM_CONVERSION = YES;
				CLANG_WARN_INFINITE_RECURSION = YES;
				CLANG_WARN_INT_CONVERSION = YES;
				CLANG_WARN_NON_LITERAL_NULL_CONVERSION = YES;
				CLANG_WARN_OBJC_IMPLICIT_RETAIN_SELF = YES;
				CLANG_WARN_OBJC_LITERAL_CONVERSION = YES;
				CLANG_WARN_OBJC_ROOT_CLASS = YES_ERROR;
				CLANG_WARN_QUOTED_INCLUDE_IN_FRAMEWORK_HEADER = YES;
				CLANG_WARN_RANGE_LOOP_ANALYSIS = YES;
				CLANG_WARN_STRICT_PROTOTYPES = YES;
				CLANG_WARN_SUSPICIOUS_MOVE = YES;
				CLANG_WARN_UNGUARDED_AVAILABILITY = YES_AGGRESSIVE;
				CLANG_WARN_UNREACHABLE_CODE = YES;
				CLANG_WARN__DUPLICATE_METHOD_MATCH = YES;
				COPY_PHASE_STRIP = NO;
				DEBUG_INFORMATION_FORMAT = dwarf;
				ENABLE_STRICT_OBJC_MSGSEND = YES;
				ENABLE_TESTABILITY = YES;
				GCC_C_LANGUAGE_STANDARD = gnu11;
				GCC_DYNAMIC_NO_PIC = NO;
				GCC_NO_COMMON_BLOCKS = YES;
				GCC_OPTIMIZATION_LEVEL = 0;
				GCC_PREPROCESSOR_DEFINITIONS = (
					"DEBUG=1",
					"$(inherited)",
				);
				GCC_WARN_64_TO_32_BIT_CONVERSION = YES;
				GCC_WARN_ABOUT_RETURN_TYPE = YES_ERROR;
				GCC_WARN_UNDECLARED_SELECTOR = YES;
				GCC_WARN_UNINITIALIZED_AUTOS = YES_AGGRESSIVE;
				GCC_WARN_UNUSED_FUNCTION = YES;
				GCC_WARN_UNUSED_VARIABLE = YES;
				IPHONEOS_DEPLOYMENT_TARGET = 14.5;
				MTL_ENABLE_DEBUG_INFO = INCLUDE_SOURCE;
				MTL_FAST_MATH = YES;
				ONLY_ACTIVE_ARCH = YES;
				SDKROOT = iphoneos;
				SWIFT_ACTIVE_COMPILATION_CONDITIONS = DEBUG;
				SWIFT_OPTIMIZATION_LEVEL = "-Onone";
			};
			name = Debug;
		};
		EDCBE38126870B2400F3FBD7 /* Release */ = {
			isa = XCBuildConfiguration;
			buildSettings = {
				ALWAYS_SEARCH_USER_PATHS = NO;
				CLANG_ANALYZER_NONNULL = YES;
				CLANG_ANALYZER_NUMBER_OBJECT_CONVERSION = YES_AGGRESSIVE;
				CLANG_CXX_LANGUAGE_STANDARD = "gnu++14";
				CLANG_CXX_LIBRARY = "libc++";
				CLANG_ENABLE_MODULES = YES;
				CLANG_ENABLE_OBJC_ARC = YES;
				CLANG_ENABLE_OBJC_WEAK = YES;
				CLANG_WARN_BLOCK_CAPTURE_AUTORELEASING = YES;
				CLANG_WARN_BOOL_CONVERSION = YES;
				CLANG_WARN_COMMA = YES;
				CLANG_WARN_CONSTANT_CONVERSION = YES;
				CLANG_WARN_DEPRECATED_OBJC_IMPLEMENTATIONS = YES;
				CLANG_WARN_DIRECT_OBJC_ISA_USAGE = YES_ERROR;
				CLANG_WARN_DOCUMENTATION_COMMENTS = YES;
				CLANG_WARN_EMPTY_BODY = YES;
				CLANG_WARN_ENUM_CONVERSION = YES;
				CLANG_WARN_INFINITE_RECURSION = YES;
				CLANG_WARN_INT_CONVERSION = YES;
				CLANG_WARN_NON_LITERAL_NULL_CONVERSION = YES;
				CLANG_WARN_OBJC_IMPLICIT_RETAIN_SELF = YES;
				CLANG_WARN_OBJC_LITERAL_CONVERSION = YES;
				CLANG_WARN_OBJC_ROOT_CLASS = YES_ERROR;
				CLANG_WARN_QUOTED_INCLUDE_IN_FRAMEWORK_HEADER = YES;
				CLANG_WARN_RANGE_LOOP_ANALYSIS = YES;
				CLANG_WARN_STRICT_PROTOTYPES = YES;
				CLANG_WARN_SUSPICIOUS_MOVE = YES;
				CLANG_WARN_UNGUARDED_AVAILABILITY = YES_AGGRESSIVE;
				CLANG_WARN_UNREACHABLE_CODE = YES;
				CLANG_WARN__DUPLICATE_METHOD_MATCH = YES;
				COPY_PHASE_STRIP = NO;
				DEBUG_INFORMATION_FORMAT = "dwarf-with-dsym";
				ENABLE_NS_ASSERTIONS = NO;
				ENABLE_STRICT_OBJC_MSGSEND = YES;
				GCC_C_LANGUAGE_STANDARD = gnu11;
				GCC_NO_COMMON_BLOCKS = YES;
				GCC_WARN_64_TO_32_BIT_CONVERSION = YES;
				GCC_WARN_ABOUT_RETURN_TYPE = YES_ERROR;
				GCC_WARN_UNDECLARED_SELECTOR = YES;
				GCC_WARN_UNINITIALIZED_AUTOS = YES_AGGRESSIVE;
				GCC_WARN_UNUSED_FUNCTION = YES;
				GCC_WARN_UNUSED_VARIABLE = YES;
				IPHONEOS_DEPLOYMENT_TARGET = 14.5;
				MTL_ENABLE_DEBUG_INFO = NO;
				MTL_FAST_MATH = YES;
				SDKROOT = iphoneos;
				SWIFT_COMPILATION_MODE = wholemodule;
				SWIFT_OPTIMIZATION_LEVEL = "-O";
				VALIDATE_PRODUCT = YES;
			};
			name = Release;
		};
		EDCBE38326870B2400F3FBD7 /* Debug */ = {
			isa = XCBuildConfiguration;
			buildSettings = {
				ASSETCATALOG_COMPILER_APPICON_NAME = AppIcon;
				ASSETCATALOG_COMPILER_GLOBAL_ACCENT_COLOR_NAME = AccentColor;
				CODE_SIGN_ENTITLEMENTS = TabBarOriginalIcon/TabBarOriginalIcon.entitlements;
				CODE_SIGN_STYLE = Automatic;
				DEVELOPMENT_TEAM = 9HJ5937US4;
				INFOPLIST_FILE = TabBarOriginalIcon/Info.plist;
				LD_RUNPATH_SEARCH_PATHS = (
					"$(inherited)",
					"@executable_path/Frameworks",
				);
				MARKETING_VERSION = 1.0.0;
				PRODUCT_BUNDLE_IDENTIFIER = com.yonaios.TabBarOriginalIcon;
				PRODUCT_NAME = "$(TARGET_NAME)";
				SUPPORTS_MACCATALYST = NO;
				SWIFT_VERSION = 5.0;
				TARGETED_DEVICE_FAMILY = "1,2";
			};
			name = Debug;
		};
		EDCBE38426870B2400F3FBD7 /* Release */ = {
			isa = XCBuildConfiguration;
			buildSettings = {
				ASSETCATALOG_COMPILER_APPICON_NAME = AppIcon;
				ASSETCATALOG_COMPILER_GLOBAL_ACCENT_COLOR_NAME = AccentColor;
				CODE_SIGN_ENTITLEMENTS = TabBarOriginalIcon/TabBarOriginalIcon.entitlements;
				CODE_SIGN_STYLE = Automatic;
				DEVELOPMENT_TEAM = 9HJ5937US4;
				INFOPLIST_FILE = TabBarOriginalIcon/Info.plist;
				LD_RUNPATH_SEARCH_PATHS = (
					"$(inherited)",
					"@executable_path/Frameworks",
				);
				MARKETING_VERSION = 1.0.0;
				PRODUCT_BUNDLE_IDENTIFIER = com.yonaios.TabBarOriginalIcon;
				PRODUCT_NAME = "$(TARGET_NAME)";
				SUPPORTS_MACCATALYST = NO;
				SWIFT_VERSION = 5.0;
				TARGETED_DEVICE_FAMILY = "1,2";
			};
			name = Release;
		};
/* End XCBuildConfiguration section */

/* Begin XCConfigurationList section */
		EDCBE36926870B2300F3FBD7 /* Build configuration list for PBXProject "TabBarOriginalIcon" */ = {
			isa = XCConfigurationList;
			buildConfigurations = (
				EDCBE38026870B2400F3FBD7 /* Debug */,
				EDCBE38126870B2400F3FBD7 /* Release */,
			);
			defaultConfigurationIsVisible = 0;
			defaultConfigurationName = Release;
		};
		EDCBE38226870B2400F3FBD7 /* Build configuration list for PBXNativeTarget "TabBarOriginalIcon" */ = {
			isa = XCConfigurationList;
			buildConfigurations = (
				EDCBE38326870B2400F3FBD7 /* Debug */,
				EDCBE38426870B2400F3FBD7 /* Release */,
			);
			defaultConfigurationIsVisible = 0;
			defaultConfigurationName = Release;
		};
/* End XCConfigurationList section */
	};
	rootObject = EDCBE36626870B2300F3FBD7 /* Project object */;
}
